// !$*UTF8*$!
{
	archiveVersion = 1;
	classes = {
	};
	objectVersion = 46;
	objects = {

/* Begin PBXBuildFile section */
		754D1AA61E6C4EC60084583F /* AppDelegate.swift in Sources */ = {isa = PBXBuildFile; fileRef = 754D1AA51E6C4EC60084583F /* AppDelegate.swift */; };
		754D1AAB1E6C4EC60084583F /* Main.storyboard in Resources */ = {isa = PBXBuildFile; fileRef = 754D1AA91E6C4EC60084583F /* Main.storyboard */; };
		754D1AAD1E6C4EC60084583F /* Assets.xcassets in Resources */ = {isa = PBXBuildFile; fileRef = 754D1AAC1E6C4EC60084583F /* Assets.xcassets */; };
		754D1AB01E6C4EC60084583F /* LaunchScreen.storyboard in Resources */ = {isa = PBXBuildFile; fileRef = 754D1AAE1E6C4EC60084583F /* LaunchScreen.storyboard */; };
		754D1AB81E6C500C0084583F /* TableViewController.swift in Sources */ = {isa = PBXBuildFile; fileRef = 754D1AB71E6C500C0084583F /* TableViewController.swift */; };
		754D1ABA1E6C52AB0084583F /* Fonts.swift in Sources */ = {isa = PBXBuildFile; fileRef = 754D1AB91E6C52AB0084583F /* Fonts.swift */; };
/* End PBXBuildFile section */

/* Begin PBXFileReference section */
		754D1AA21E6C4EC60084583F /* SystemFonts.app */ = {isa = PBXFileReference; explicitFileType = wrapper.application; includeInIndex = 0; path = SystemFonts.app; sourceTree = BUILT_PRODUCTS_DIR; };
		754D1AA51E6C4EC60084583F /* AppDelegate.swift */ = {isa = PBXFileReference; lastKnownFileType = sourcecode.swift; path = AppDelegate.swift; sourceTree = "<group>"; };
		754D1AAA1E6C4EC60084583F /* Base */ = {isa = PBXFileReference; lastKnownFileType = file.storyboard; name = Base; path = Base.lproj/Main.storyboard; sourceTree = "<group>"; };
		754D1AAC1E6C4EC60084583F /* Assets.xcassets */ = {isa = PBXFileReference; lastKnownFileType = folder.assetcatalog; path = Assets.xcassets; sourceTree = "<group>"; };
		754D1AAF1E6C4EC60084583F /* Base */ = {isa = PBXFileReference; lastKnownFileType = file.storyboard; name = Base; path = Base.lproj/LaunchScreen.storyboard; sourceTree = "<group>"; };
		754D1AB11E6C4EC60084583F /* Info.plist */ = {isa = PBXFileReference; lastKnownFileType = text.plist.xml; path = Info.plist; sourceTree = "<group>"; };
		754D1AB71E6C500C0084583F /* TableViewController.swift */ = {isa = PBXFileReference; fileEncoding = 4; lastKnownFileType = sourcecode.swift; name = TableViewController.swift; path = ../TableViewController.swift; sourceTree = "<group>"; };
		754D1AB91E6C52AB0084583F /* Fonts.swift */ = {isa = PBXFileReference; fileEncoding = 4; lastKnownFileType = sourcecode.swift; path = Fonts.swift; sourceTree = "<group>"; };
/* End PBXFileReference section */

/* Begin PBXFrameworksBuildPhase section */
		754D1A9F1E6C4EC60084583F /* Frameworks */ = {
			isa = PBXFrameworksBuildPhase;
			buildActionMask = 2147483647;
			files = (
			);
			runOnlyForDeploymentPostprocessing = 0;
		};
/* End PBXFrameworksBuildPhase section */

/* Begin PBXGroup section */
		754D1A991E6C4EC60084583F = {
			isa = PBXGroup;
			children = (
				754D1AA41E6C4EC60084583F /* SystemFonts */,
				754D1AA31E6C4EC60084583F /* Products */,
			);
			sourceTree = "<group>";
		};
		754D1AA31E6C4EC60084583F /* Products */ = {
			isa = PBXGroup;
			children = (
				754D1AA21E6C4EC60084583F /* SystemFonts.app */,
			);
			name = Products;
			sourceTree = "<group>";
		};
		754D1AA41E6C4EC60084583F /* SystemFonts */ = {
			isa = PBXGroup;
			children = (
				754D1AB71E6C500C0084583F /* TableViewController.swift */,
				754D1AA51E6C4EC60084583F /* AppDelegate.swift */,
				754D1AA91E6C4EC60084583F /* Main.storyboard */,
				754D1AB91E6C52AB0084583F /* Fonts.swift */,
				754D1AAC1E6C4EC60084583F /* Assets.xcassets */,
				754D1AAE1E6C4EC60084583F /* LaunchScreen.storyboard */,
				754D1AB11E6C4EC60084583F /* Info.plist */,
			);
			path = SystemFonts;
			sourceTree = "<group>";
		};
/* End PBXGroup section */

/* Begin PBXNativeTarget section */
		754D1AA11E6C4EC60084583F /* SystemFonts */ = {
			isa = PBXNativeTarget;
			buildConfigurationList = 754D1AB41E6C4EC60084583F /* Build configuration list for PBXNativeTarget "SystemFonts" */;
			buildPhases = (
				754D1A9E1E6C4EC60084583F /* Sources */,
				754D1A9F1E6C4EC60084583F /* Frameworks */,
				754D1AA01E6C4EC60084583F /* Resources */,
			);
			buildRules = (
			);
			dependencies = (
			);
			name = SystemFonts;
			productName = SystemFonts;
			productReference = 754D1AA21E6C4EC60084583F /* SystemFonts.app */;
			productType = "com.apple.product-type.application";
		};
/* End PBXNativeTarget section */

/* Begin PBXProject section */
		754D1A9A1E6C4EC60084583F /* Project object */ = {
			isa = PBXProject;
			attributes = {
				LastSwiftUpdateCheck = 0820;
				LastUpgradeCheck = 0820;
				ORGANIZATIONNAME = "Фёдор Королёв";
				TargetAttributes = {
					754D1AA11E6C4EC60084583F = {
						CreatedOnToolsVersion = 8.2.1;
						ProvisioningStyle = Automatic;
					};
				};
			};
			buildConfigurationList = 754D1A9D1E6C4EC60084583F /* Build configuration list for PBXProject "SystemFonts" */;
			compatibilityVersion = "Xcode 3.2";
			developmentRegion = English;
			hasScannedForEncodings = 0;
			knownRegions = (
				en,
				Base,
			);
			mainGroup = 754D1A991E6C4EC60084583F;
			productRefGroup = 754D1AA31E6C4EC60084583F /* Products */;
			projectDirPath = "";
			projectRoot = "";
			targets = (
				754D1AA11E6C4EC60084583F /* SystemFonts */,
			);
		};
/* End PBXProject section */

/* Begin PBXResourcesBuildPhase section */
		754D1AA01E6C4EC60084583F /* Resources */ = {
			isa = PBXResourcesBuildPhase;
			buildActionMask = 2147483647;
			files = (
				754D1AB01E6C4EC60084583F /* LaunchScreen.storyboard in Resources */,
				754D1AAD1E6C4EC60084583F /* Assets.xcassets in Resources */,
				754D1AAB1E6C4EC60084583F /* Main.storyboard in Resources */,
			);
			runOnlyForDeploymentPostprocessing = 0;
		};
/* End PBXResourcesBuildPhase section */

/* Begin PBXSourcesBuildPhase section */
		754D1A9E1E6C4EC60084583F /* Sources */ = {
			isa = PBXSourcesBuildPhase;
			buildActionMask = 2147483647;
			files = (
				754D1AA61E6C4EC60084583F /* AppDelegate.swift in Sources */,
				754D1ABA1E6C52AB0084583F /* Fonts.swift in Sources */,
				754D1AB81E6C500C0084583F /* TableViewController.swift in Sources */,
			);
			runOnlyForDeploymentPostprocessing = 0;
		};
/* End PBXSourcesBuildPhase section */

/* Begin PBXVariantGroup section */
		754D1AA91E6C4EC60084583F /* Main.storyboard */ = {
			isa = PBXVariantGroup;
			children = (
				754D1AAA1E6C4EC60084583F /* Base */,
			);
			name = Main.storyboard;
			sourceTree = "<group>";
		};
		754D1AAE1E6C4EC60084583F /* LaunchScreen.storyboard */ = {
			isa = PBXVariantGroup;
			children = (
				754D1AAF1E6C4EC60084583F /* Base */,
			);
			name = LaunchScreen.storyboard;
			sourceTree = "<group>";
		};
/* End PBXVariantGroup section */

/* Begin XCBuildConfiguration section */
		754D1AB21E6C4EC60084583F /* Debug */ = {
			isa = XCBuildConfiguration;
			buildSettings = {
				ALWAYS_SEARCH_USER_PATHS = NO;
				CLANG_ANALYZER_NONNULL = YES;
				CLANG_CXX_LANGUAGE_STANDARD = "gnu++0x";
				CLANG_CXX_LIBRARY = "libc++";
				CLANG_ENABLE_MODULES = YES;
				CLANG_ENABLE_OBJC_ARC = YES;
				CLANG_WARN_BOOL_CONVERSION = YES;
				CLANG_WARN_CONSTANT_CONVERSION = YES;
				CLANG_WARN_DIRECT_OBJC_ISA_USAGE = YES_ERROR;
				CLANG_WARN_DOCUMENTATION_COMMENTS = YES;
				CLANG_WARN_EMPTY_BODY = YES;
				CLANG_WARN_ENUM_CONVERSION = YES;
				CLANG_WARN_INFINITE_RECURSION = YES;
				CLANG_WARN_INT_CONVERSION = YES;
				CLANG_WARN_OBJC_ROOT_CLASS = YES_ERROR;
				CLANG_WARN_SUSPICIOUS_MOVE = YES;
				CLANG_WARN_UNREACHABLE_CODE = YES;
				CLANG_WARN__DUPLICATE_METHOD_MATCH = YES;
				"CODE_SIGN_IDENTITY[sdk=iphoneos*]" = "iPhone Developer";
				COPY_PHASE_STRIP = NO;
				DEBUG_INFORMATION_FORMAT = dwarf;
				ENABLE_STRICT_OBJC_MSGSEND = YES;
				ENABLE_TESTABILITY = YES;
				GCC_C_LANGUAGE_STANDARD = gnu99;
				GCC_DYNAMIC_NO_PIC = NO;
				GCC_NO_COMMON_BLOCKS = YES;
				GCC_OPTIMIZATION_LEVEL = 0;
				GCC_PREPROCESSOR_DEFINITIONS = (
					"DEBUG=1",
					"$(inherited)",
				);
				GCC_WARN_64_TO_32_BIT_CONVERSION = YES;
				GCC_WARN_ABOUT_RETURN_TYPE = YES_ERROR;
				GCC_WARN_UNDECLARED_SELECTOR = YES;
				GCC_WARN_UNINITIALIZED_AUTOS = YES_AGGRESSIVE;
				GCC_WARN_UNUSED_FUNCTION = YES;
				GCC_WARN_UNUSED_VARIABLE = YES;
				IPHONEOS_DEPLOYMENT_TARGET = 10.2;
				MTL_ENABLE_DEBUG_INFO = YES;
				ONLY_ACTIVE_ARCH = YES;
				SDKROOT = iphoneos;
				SWIFT_ACTIVE_COMPILATION_CONDITIONS = DEBUG;
				SWIFT_OPTIMIZATION_LEVEL = "-Onone";
				TARGETED_DEVICE_FAMILY = "1,2";
			};
			name = Debug;
		};
		754D1AB31E6C4EC60084583F /* Release */ = {
			isa = XCBuildConfiguration;
			buildSettings = {
				ALWAYS_SEARCH_USER_PATHS = NO;
				CLANG_ANALYZER_NONNULL = YES;
				CLANG_CXX_LANGUAGE_STANDARD = "gnu++0x";
				CLANG_CXX_LIBRARY = "libc++";
				CLANG_ENABLE_MODULES = YES;
				CLANG_ENABLE_OBJC_ARC = YES;
				CLANG_WARN_BOOL_CONVERSION = YES;
				CLANG_WARN_CONSTANT_CONVERSION = YES;
				CLANG_WARN_DIRECT_OBJC_ISA_USAGE = YES_ERROR;
				CLANG_WARN_DOCUMENTATION_COMMENTS = YES;
				CLANG_WARN_EMPTY_BODY = YES;
				CLANG_WARN_ENUM_CONVERSION = YES;
				CLANG_WARN_INFINITE_RECURSION = YES;
				CLANG_WARN_INT_CONVERSION = YES;
				CLANG_WARN_OBJC_ROOT_CLASS = YES_ERROR;
				CLANG_WARN_SUSPICIOUS_MOVE = YES;
				CLANG_WARN_UNREACHABLE_CODE = YES;
				CLANG_WARN__DUPLICATE_METHOD_MATCH = YES;
				"CODE_SIGN_IDENTITY[sdk=iphoneos*]" = "iPhone Developer";
				COPY_PHASE_STRIP = NO;
				DEBUG_INFORMATION_FORMAT = "dwarf-with-dsym";
				ENABLE_NS_ASSERTIONS = NO;
				ENABLE_STRICT_OBJC_MSGSEND = YES;
				GCC_C_LANGUAGE_STANDARD = gnu99;
				GCC_NO_COMMON_BLOCKS = YES;
				GCC_WARN_64_TO_32_BIT_CONVERSION = YES;
				GCC_WARN_ABOUT_RETURN_TYPE = YES_ERROR;
				GCC_WARN_UNDECLARED_SELECTOR = YES;
				GCC_WARN_UNINITIALIZED_AUTOS = YES_AGGRESSIVE;
				GCC_WARN_UNUSED_FUNCTION = YES;
				GCC_WARN_UNUSED_VARIABLE = YES;
				IPHONEOS_DEPLOYMENT_TARGET = 10.2;
				MTL_ENABLE_DEBUG_INFO = NO;
				SDKROOT = iphoneos;
				SWIFT_OPTIMIZATION_LEVEL = "-Owholemodule";
				TARGETED_DEVICE_FAMILY = "1,2";
				VALIDATE_PRODUCT = YES;
			};
			name = Release;
		};
		754D1AB51E6C4EC60084583F /* Debug */ = {
			isa = XCBuildConfiguration;
			buildSettings = {
				ASSETCATALOG_COMPILER_APPICON_NAME = AppIcon;
				INFOPLIST_FILE = SystemFonts/Info.plist;
				LD_RUNPATH_SEARCH_PATHS = "$(inherited) @executable_path/Frameworks";
				PRODUCT_BUNDLE_IDENTIFIER = com.example.SystemFonts;
				PRODUCT_NAME = "$(TARGET_NAME)";
				SWIFT_VERSION = 3.0;
			};
			name = Debug;
		};
		754D1AB61E6C4EC60084583F /* Release */ = {
			isa = XCBuildConfiguration;
			buildSettings = {
				ASSETCATALOG_COMPILER_APPICON_NAME = AppIcon;
				INFOPLIST_FILE = SystemFonts/Info.plist;
				LD_RUNPATH_SEARCH_PATHS = "$(inherited) @executable_path/Frameworks";
				PRODUCT_BUNDLE_IDENTIFIER = com.example.SystemFonts;
				PRODUCT_NAME = "$(TARGET_NAME)";
				SWIFT_VERSION = 3.0;
			};
			name = Release;
		};
/* End XCBuildConfiguration section */

/* Begin XCConfigurationList section */
		754D1A9D1E6C4EC60084583F /* Build configuration list for PBXProject "SystemFonts" */ = {
			isa = XCConfigurationList;
			buildConfigurations = (
				754D1AB21E6C4EC60084583F /* Debug */,
				754D1AB31E6C4EC60084583F /* Release */,
			);
			defaultConfigurationIsVisible = 0;
			defaultConfigurationName = Release;
		};
		754D1AB41E6C4EC60084583F /* Build configuration list for PBXNativeTarget "SystemFonts" */ = {
			isa = XCConfigurationList;
			buildConfigurations = (
				754D1AB51E6C4EC60084583F /* Debug */,
				754D1AB61E6C4EC60084583F /* Release */,
			);
			defaultConfigurationIsVisible = 0;
		};
/* End XCConfigurationList section */
	};
	rootObject = 754D1A9A1E6C4EC60084583F /* Project object */;
}
